// !$*UTF8*$!
{
	archiveVersion = 1;
	classes = {
	};
	objectVersion = 56;
	objects = {

/* Begin PBXBuildFile section */
		4CD7A42E298F5AFF00A59712 /* NavigationSwiftUIApp.swift in Sources */ = {isa = PBXBuildFile; fileRef = 4CD7A42D298F5AFF00A59712 /* NavigationSwiftUIApp.swift */; };
		4CD7A430298F5AFF00A59712 /* ContentView.swift in Sources */ = {isa = PBXBuildFile; fileRef = 4CD7A42F298F5AFF00A59712 /* ContentView.swift */; };
		4CD7A432298F5B0000A59712 /* Assets.xcassets in Resources */ = {isa = PBXBuildFile; fileRef = 4CD7A431298F5B0000A59712 /* Assets.xcassets */; };
		4CD7A435298F5B0000A59712 /* Preview Assets.xcassets in Resources */ = {isa = PBXBuildFile; fileRef = 4CD7A434298F5B0000A59712 /* Preview Assets.xcassets */; };
		4CD7A43F298F5B0100A59712 /* NavigationSwiftUITests.swift in Sources */ = {isa = PBXBuildFile; fileRef = 4CD7A43E298F5B0100A59712 /* NavigationSwiftUITests.swift */; };
		4CD7A449298F5B0100A59712 /* NavigationSwiftUIUITests.swift in Sources */ = {isa = PBXBuildFile; fileRef = 4CD7A448298F5B0100A59712 /* NavigationSwiftUIUITests.swift */; };
		4CD7A44B298F5B0100A59712 /* NavigationSwiftUIUITestsLaunchTests.swift in Sources */ = {isa = PBXBuildFile; fileRef = 4CD7A44A298F5B0100A59712 /* NavigationSwiftUIUITestsLaunchTests.swift */; };
		4CD7A458298F5B2600A59712 /* Modal.swift in Sources */ = {isa = PBXBuildFile; fileRef = 4CD7A457298F5B2600A59712 /* Modal.swift */; };
		4CD7A45A298F5EEC00A59712 /* SecondView.swift in Sources */ = {isa = PBXBuildFile; fileRef = 4CD7A459298F5EEC00A59712 /* SecondView.swift */; };
		4CD7A45C298F5FA300A59712 /* ThirdView.swift in Sources */ = {isa = PBXBuildFile; fileRef = 4CD7A45B298F5FA300A59712 /* ThirdView.swift */; };
		4CD7A45E298F656200A59712 /* TabViewMain.swift in Sources */ = {isa = PBXBuildFile; fileRef = 4CD7A45D298F656200A59712 /* TabViewMain.swift */; };
/* End PBXBuildFile section */

/* Begin PBXContainerItemProxy section */
		4CD7A43B298F5B0100A59712 /* PBXContainerItemProxy */ = {
			isa = PBXContainerItemProxy;
			containerPortal = 4CD7A422298F5AFF00A59712 /* Project object */;
			proxyType = 1;
			remoteGlobalIDString = 4CD7A429298F5AFF00A59712;
			remoteInfo = NavigationSwiftUI;
		};
		4CD7A445298F5B0100A59712 /* PBXContainerItemProxy */ = {
			isa = PBXContainerItemProxy;
			containerPortal = 4CD7A422298F5AFF00A59712 /* Project object */;
			proxyType = 1;
			remoteGlobalIDString = 4CD7A429298F5AFF00A59712;
			remoteInfo = NavigationSwiftUI;
		};
/* End PBXContainerItemProxy section */

/* Begin PBXFileReference section */
		4CD7A42A298F5AFF00A59712 /* NavigationSwiftUI.app */ = {isa = PBXFileReference; explicitFileType = wrapper.application; includeInIndex = 0; path = NavigationSwiftUI.app; sourceTree = BUILT_PRODUCTS_DIR; };
		4CD7A42D298F5AFF00A59712 /* NavigationSwiftUIApp.swift */ = {isa = PBXFileReference; lastKnownFileType = sourcecode.swift; path = NavigationSwiftUIApp.swift; sourceTree = "<group>"; };
		4CD7A42F298F5AFF00A59712 /* ContentView.swift */ = {isa = PBXFileReference; lastKnownFileType = sourcecode.swift; path = ContentView.swift; sourceTree = "<group>"; };
		4CD7A431298F5B0000A59712 /* Assets.xcassets */ = {isa = PBXFileReference; lastKnownFileType = folder.assetcatalog; path = Assets.xcassets; sourceTree = "<group>"; };
		4CD7A434298F5B0000A59712 /* Preview Assets.xcassets */ = {isa = PBXFileReference; lastKnownFileType = folder.assetcatalog; path = "Preview Assets.xcassets"; sourceTree = "<group>"; };
		4CD7A43A298F5B0100A59712 /* NavigationSwiftUITests.xctest */ = {isa = PBXFileReference; explicitFileType = wrapper.cfbundle; includeInIndex = 0; path = NavigationSwiftUITests.xctest; sourceTree = BUILT_PRODUCTS_DIR; };
		4CD7A43E298F5B0100A59712 /* NavigationSwiftUITests.swift */ = {isa = PBXFileReference; lastKnownFileType = sourcecode.swift; path = NavigationSwiftUITests.swift; sourceTree = "<group>"; };
		4CD7A444298F5B0100A59712 /* NavigationSwiftUIUITests.xctest */ = {isa = PBXFileReference; explicitFileType = wrapper.cfbundle; includeInIndex = 0; path = NavigationSwiftUIUITests.xctest; sourceTree = BUILT_PRODUCTS_DIR; };
		4CD7A448298F5B0100A59712 /* NavigationSwiftUIUITests.swift */ = {isa = PBXFileReference; lastKnownFileType = sourcecode.swift; path = NavigationSwiftUIUITests.swift; sourceTree = "<group>"; };
		4CD7A44A298F5B0100A59712 /* NavigationSwiftUIUITestsLaunchTests.swift */ = {isa = PBXFileReference; lastKnownFileType = sourcecode.swift; path = NavigationSwiftUIUITestsLaunchTests.swift; sourceTree = "<group>"; };
		4CD7A457298F5B2600A59712 /* Modal.swift */ = {isa = PBXFileReference; lastKnownFileType = sourcecode.swift; path = Modal.swift; sourceTree = "<group>"; };
		4CD7A459298F5EEC00A59712 /* SecondView.swift */ = {isa = PBXFileReference; lastKnownFileType = sourcecode.swift; path = SecondView.swift; sourceTree = "<group>"; };
		4CD7A45B298F5FA300A59712 /* ThirdView.swift */ = {isa = PBXFileReference; lastKnownFileType = sourcecode.swift; path = ThirdView.swift; sourceTree = "<group>"; };
		4CD7A45D298F656200A59712 /* TabViewMain.swift */ = {isa = PBXFileReference; lastKnownFileType = sourcecode.swift; path = TabViewMain.swift; sourceTree = "<group>"; };
/* End PBXFileReference section */

/* Begin PBXFrameworksBuildPhase section */
		4CD7A427298F5AFF00A59712 /* Frameworks */ = {
			isa = PBXFrameworksBuildPhase;
			buildActionMask = 2147483647;
			files = (
			);
			runOnlyForDeploymentPostprocessing = 0;
		};
		4CD7A437298F5B0100A59712 /* Frameworks */ = {
			isa = PBXFrameworksBuildPhase;
			buildActionMask = 2147483647;
			files = (
			);
			runOnlyForDeploymentPostprocessing = 0;
		};
		4CD7A441298F5B0100A59712 /* Frameworks */ = {
			isa = PBXFrameworksBuildPhase;
			buildActionMask = 2147483647;
			files = (
			);
			runOnlyForDeploymentPostprocessing = 0;
		};
/* End PBXFrameworksBuildPhase section */

/* Begin PBXGroup section */
		4CD7A421298F5AFF00A59712 = {
			isa = PBXGroup;
			children = (
				4CD7A42C298F5AFF00A59712 /* NavigationSwiftUI */,
				4CD7A43D298F5B0100A59712 /* NavigationSwiftUITests */,
				4CD7A447298F5B0100A59712 /* NavigationSwiftUIUITests */,
				4CD7A42B298F5AFF00A59712 /* Products */,
			);
			sourceTree = "<group>";
		};
		4CD7A42B298F5AFF00A59712 /* Products */ = {
			isa = PBXGroup;
			children = (
				4CD7A42A298F5AFF00A59712 /* NavigationSwiftUI.app */,
				4CD7A43A298F5B0100A59712 /* NavigationSwiftUITests.xctest */,
				4CD7A444298F5B0100A59712 /* NavigationSwiftUIUITests.xctest */,
			);
			name = Products;
			sourceTree = "<group>";
		};
		4CD7A42C298F5AFF00A59712 /* NavigationSwiftUI */ = {
			isa = PBXGroup;
			children = (
				4CD7A42D298F5AFF00A59712 /* NavigationSwiftUIApp.swift */,
				4CD7A42F298F5AFF00A59712 /* ContentView.swift */,
				4CD7A459298F5EEC00A59712 /* SecondView.swift */,
				4CD7A45B298F5FA300A59712 /* ThirdView.swift */,
				4CD7A457298F5B2600A59712 /* Modal.swift */,
				4CD7A45D298F656200A59712 /* TabViewMain.swift */,
				4CD7A431298F5B0000A59712 /* Assets.xcassets */,
				4CD7A433298F5B0000A59712 /* Preview Content */,
			);
			path = NavigationSwiftUI;
			sourceTree = "<group>";
		};
		4CD7A433298F5B0000A59712 /* Preview Content */ = {
			isa = PBXGroup;
			children = (
				4CD7A434298F5B0000A59712 /* Preview Assets.xcassets */,
			);
			path = "Preview Content";
			sourceTree = "<group>";
		};
		4CD7A43D298F5B0100A59712 /* NavigationSwiftUITests */ = {
			isa = PBXGroup;
			children = (
				4CD7A43E298F5B0100A59712 /* NavigationSwiftUITests.swift */,
			);
			path = NavigationSwiftUITests;
			sourceTree = "<group>";
		};
		4CD7A447298F5B0100A59712 /* NavigationSwiftUIUITests */ = {
			isa = PBXGroup;
			children = (
				4CD7A448298F5B0100A59712 /* NavigationSwiftUIUITests.swift */,
				4CD7A44A298F5B0100A59712 /* NavigationSwiftUIUITestsLaunchTests.swift */,
			);
			path = NavigationSwiftUIUITests;
			sourceTree = "<group>";
		};
/* End PBXGroup section */

/* Begin PBXNativeTarget section */
		4CD7A429298F5AFF00A59712 /* NavigationSwiftUI */ = {
			isa = PBXNativeTarget;
			buildConfigurationList = 4CD7A44E298F5B0100A59712 /* Build configuration list for PBXNativeTarget "NavigationSwiftUI" */;
			buildPhases = (
				4CD7A426298F5AFF00A59712 /* Sources */,
				4CD7A427298F5AFF00A59712 /* Frameworks */,
				4CD7A428298F5AFF00A59712 /* Resources */,
			);
			buildRules = (
			);
			dependencies = (
			);
			name = NavigationSwiftUI;
			productName = NavigationSwiftUI;
			productReference = 4CD7A42A298F5AFF00A59712 /* NavigationSwiftUI.app */;
			productType = "com.apple.product-type.application";
		};
		4CD7A439298F5B0100A59712 /* NavigationSwiftUITests */ = {
			isa = PBXNativeTarget;
			buildConfigurationList = 4CD7A451298F5B0100A59712 /* Build configuration list for PBXNativeTarget "NavigationSwiftUITests" */;
			buildPhases = (
				4CD7A436298F5B0100A59712 /* Sources */,
				4CD7A437298F5B0100A59712 /* Frameworks */,
				4CD7A438298F5B0100A59712 /* Resources */,
			);
			buildRules = (
			);
			dependencies = (
				4CD7A43C298F5B0100A59712 /* PBXTargetDependency */,
			);
			name = NavigationSwiftUITests;
			productName = NavigationSwiftUITests;
			productReference = 4CD7A43A298F5B0100A59712 /* NavigationSwiftUITests.xctest */;
			productType = "com.apple.product-type.bundle.unit-test";
		};
		4CD7A443298F5B0100A59712 /* NavigationSwiftUIUITests */ = {
			isa = PBXNativeTarget;
			buildConfigurationList = 4CD7A454298F5B0100A59712 /* Build configuration list for PBXNativeTarget "NavigationSwiftUIUITests" */;
			buildPhases = (
				4CD7A440298F5B0100A59712 /* Sources */,
				4CD7A441298F5B0100A59712 /* Frameworks */,
				4CD7A442298F5B0100A59712 /* Resources */,
			);
			buildRules = (
			);
			dependencies = (
				4CD7A446298F5B0100A59712 /* PBXTargetDependency */,
			);
			name = NavigationSwiftUIUITests;
			productName = NavigationSwiftUIUITests;
			productReference = 4CD7A444298F5B0100A59712 /* NavigationSwiftUIUITests.xctest */;
			productType = "com.apple.product-type.bundle.ui-testing";
		};
/* End PBXNativeTarget section */

/* Begin PBXProject section */
		4CD7A422298F5AFF00A59712 /* Project object */ = {
			isa = PBXProject;
			attributes = {
				BuildIndependentTargetsInParallel = 1;
				LastSwiftUpdateCheck = 1410;
				LastUpgradeCheck = 1410;
				TargetAttributes = {
					4CD7A429298F5AFF00A59712 = {
						CreatedOnToolsVersion = 14.1;
					};
					4CD7A439298F5B0100A59712 = {
						CreatedOnToolsVersion = 14.1;
						TestTargetID = 4CD7A429298F5AFF00A59712;
					};
					4CD7A443298F5B0100A59712 = {
						CreatedOnToolsVersion = 14.1;
						TestTargetID = 4CD7A429298F5AFF00A59712;
					};
				};
			};
			buildConfigurationList = 4CD7A425298F5AFF00A59712 /* Build configuration list for PBXProject "NavigationSwiftUI" */;
			compatibilityVersion = "Xcode 14.0";
			developmentRegion = en;
			hasScannedForEncodings = 0;
			knownRegions = (
				en,
				Base,
			);
			mainGroup = 4CD7A421298F5AFF00A59712;
			productRefGroup = 4CD7A42B298F5AFF00A59712 /* Products */;
			projectDirPath = "";
			projectRoot = "";
			targets = (
				4CD7A429298F5AFF00A59712 /* NavigationSwiftUI */,
				4CD7A439298F5B0100A59712 /* NavigationSwiftUITests */,
				4CD7A443298F5B0100A59712 /* NavigationSwiftUIUITests */,
			);
		};
/* End PBXProject section */

/* Begin PBXResourcesBuildPhase section */
		4CD7A428298F5AFF00A59712 /* Resources */ = {
			isa = PBXResourcesBuildPhase;
			buildActionMask = 2147483647;
			files = (
				4CD7A435298F5B0000A59712 /* Preview Assets.xcassets in Resources */,
				4CD7A432298F5B0000A59712 /* Assets.xcassets in Resources */,
			);
			runOnlyForDeploymentPostprocessing = 0;
		};
		4CD7A438298F5B0100A59712 /* Resources */ = {
			isa = PBXResourcesBuildPhase;
			buildActionMask = 2147483647;
			files = (
			);
			runOnlyForDeploymentPostprocessing = 0;
		};
		4CD7A442298F5B0100A59712 /* Resources */ = {
			isa = PBXResourcesBuildPhase;
			buildActionMask = 2147483647;
			files = (
			);
			runOnlyForDeploymentPostprocessing = 0;
		};
/* End PBXResourcesBuildPhase section */

/* Begin PBXSourcesBuildPhase section */
		4CD7A426298F5AFF00A59712 /* Sources */ = {
			isa = PBXSourcesBuildPhase;
			buildActionMask = 2147483647;
			files = (
				4CD7A430298F5AFF00A59712 /* ContentView.swift in Sources */,
				4CD7A45C298F5FA300A59712 /* ThirdView.swift in Sources */,
				4CD7A458298F5B2600A59712 /* Modal.swift in Sources */,
				4CD7A45A298F5EEC00A59712 /* SecondView.swift in Sources */,
				4CD7A45E298F656200A59712 /* TabViewMain.swift in Sources */,
				4CD7A42E298F5AFF00A59712 /* NavigationSwiftUIApp.swift in Sources */,
			);
			runOnlyForDeploymentPostprocessing = 0;
		};
		4CD7A436298F5B0100A59712 /* Sources */ = {
			isa = PBXSourcesBuildPhase;
			buildActionMask = 2147483647;
			files = (
				4CD7A43F298F5B0100A59712 /* NavigationSwiftUITests.swift in Sources */,
			);
			runOnlyForDeploymentPostprocessing = 0;
		};
		4CD7A440298F5B0100A59712 /* Sources */ = {
			isa = PBXSourcesBuildPhase;
			buildActionMask = 2147483647;
			files = (
				4CD7A44B298F5B0100A59712 /* NavigationSwiftUIUITestsLaunchTests.swift in Sources */,
				4CD7A449298F5B0100A59712 /* NavigationSwiftUIUITests.swift in Sources */,
			);
			runOnlyForDeploymentPostprocessing = 0;
		};
/* End PBXSourcesBuildPhase section */

/* Begin PBXTargetDependency section */
		4CD7A43C298F5B0100A59712 /* PBXTargetDependency */ = {
			isa = PBXTargetDependency;
			target = 4CD7A429298F5AFF00A59712 /* NavigationSwiftUI */;
			targetProxy = 4CD7A43B298F5B0100A59712 /* PBXContainerItemProxy */;
		};
		4CD7A446298F5B0100A59712 /* PBXTargetDependency */ = {
			isa = PBXTargetDependency;
			target = 4CD7A429298F5AFF00A59712 /* NavigationSwiftUI */;
			targetProxy = 4CD7A445298F5B0100A59712 /* PBXContainerItemProxy */;
		};
/* End PBXTargetDependency section */

/* Begin XCBuildConfiguration section */
		4CD7A44C298F5B0100A59712 /* Debug */ = {
			isa = XCBuildConfiguration;
			buildSettings = {
				ALWAYS_SEARCH_USER_PATHS = NO;
				CLANG_ANALYZER_NONNULL = YES;
				CLANG_ANALYZER_NUMBER_OBJECT_CONVERSION = YES_AGGRESSIVE;
				CLANG_CXX_LANGUAGE_STANDARD = "gnu++20";
				CLANG_ENABLE_MODULES = YES;
				CLANG_ENABLE_OBJC_ARC = YES;
				CLANG_ENABLE_OBJC_WEAK = YES;
				CLANG_WARN_BLOCK_CAPTURE_AUTORELEASING = YES;
				CLANG_WARN_BOOL_CONVERSION = YES;
				CLANG_WARN_COMMA = YES;
				CLANG_WARN_CONSTANT_CONVERSION = YES;
				CLANG_WARN_DEPRECATED_OBJC_IMPLEMENTATIONS = YES;
				CLANG_WARN_DIRECT_OBJC_ISA_USAGE = YES_ERROR;
				CLANG_WARN_DOCUMENTATION_COMMENTS = YES;
				CLANG_WARN_EMPTY_BODY = YES;
				CLANG_WARN_ENUM_CONVERSION = YES;
				CLANG_WARN_INFINITE_RECURSION = YES;
				CLANG_WARN_INT_CONVERSION = YES;
				CLANG_WARN_NON_LITERAL_NULL_CONVERSION = YES;
				CLANG_WARN_OBJC_IMPLICIT_RETAIN_SELF = YES;
				CLANG_WARN_OBJC_LITERAL_CONVERSION = YES;
				CLANG_WARN_OBJC_ROOT_CLASS = YES_ERROR;
				CLANG_WARN_QUOTED_INCLUDE_IN_FRAMEWORK_HEADER = YES;
				CLANG_WARN_RANGE_LOOP_ANALYSIS = YES;
				CLANG_WARN_STRICT_PROTOTYPES = YES;
				CLANG_WARN_SUSPICIOUS_MOVE = YES;
				CLANG_WARN_UNGUARDED_AVAILABILITY = YES_AGGRESSIVE;
				CLANG_WARN_UNREACHABLE_CODE = YES;
				CLANG_WARN__DUPLICATE_METHOD_MATCH = YES;
				COPY_PHASE_STRIP = NO;
				DEBUG_INFORMATION_FORMAT = dwarf;
				ENABLE_STRICT_OBJC_MSGSEND = YES;
				ENABLE_TESTABILITY = YES;
				GCC_C_LANGUAGE_STANDARD = gnu11;
				GCC_DYNAMIC_NO_PIC = NO;
				GCC_NO_COMMON_BLOCKS = YES;
				GCC_OPTIMIZATION_LEVEL = 0;
				GCC_PREPROCESSOR_DEFINITIONS = (
					"DEBUG=1",
					"$(inherited)",
				);
				GCC_WARN_64_TO_32_BIT_CONVERSION = YES;
				GCC_WARN_ABOUT_RETURN_TYPE = YES_ERROR;
				GCC_WARN_UNDECLARED_SELECTOR = YES;
				GCC_WARN_UNINITIALIZED_AUTOS = YES_AGGRESSIVE;
				GCC_WARN_UNUSED_FUNCTION = YES;
				GCC_WARN_UNUSED_VARIABLE = YES;
				IPHONEOS_DEPLOYMENT_TARGET = 16.1;
				MTL_ENABLE_DEBUG_INFO = INCLUDE_SOURCE;
				MTL_FAST_MATH = YES;
				ONLY_ACTIVE_ARCH = YES;
				SDKROOT = iphoneos;
				SWIFT_ACTIVE_COMPILATION_CONDITIONS = DEBUG;
				SWIFT_OPTIMIZATION_LEVEL = "-Onone";
			};
			name = Debug;
		};
		4CD7A44D298F5B0100A59712 /* Release */ = {
			isa = XCBuildConfiguration;
			buildSettings = {
				ALWAYS_SEARCH_USER_PATHS = NO;
				CLANG_ANALYZER_NONNULL = YES;
				CLANG_ANALYZER_NUMBER_OBJECT_CONVERSION = YES_AGGRESSIVE;
				CLANG_CXX_LANGUAGE_STANDARD = "gnu++20";
				CLANG_ENABLE_MODULES = YES;
				CLANG_ENABLE_OBJC_ARC = YES;
				CLANG_ENABLE_OBJC_WEAK = YES;
				CLANG_WARN_BLOCK_CAPTURE_AUTORELEASING = YES;
				CLANG_WARN_BOOL_CONVERSION = YES;
				CLANG_WARN_COMMA = YES;
				CLANG_WARN_CONSTANT_CONVERSION = YES;
				CLANG_WARN_DEPRECATED_OBJC_IMPLEMENTATIONS = YES;
				CLANG_WARN_DIRECT_OBJC_ISA_USAGE = YES_ERROR;
				CLANG_WARN_DOCUMENTATION_COMMENTS = YES;
				CLANG_WARN_EMPTY_BODY = YES;
				CLANG_WARN_ENUM_CONVERSION = YES;
				CLANG_WARN_INFINITE_RECURSION = YES;
				CLANG_WARN_INT_CONVERSION = YES;
				CLANG_WARN_NON_LITERAL_NULL_CONVERSION = YES;
				CLANG_WARN_OBJC_IMPLICIT_RETAIN_SELF = YES;
				CLANG_WARN_OBJC_LITERAL_CONVERSION = YES;
				CLANG_WARN_OBJC_ROOT_CLASS = YES_ERROR;
				CLANG_WARN_QUOTED_INCLUDE_IN_FRAMEWORK_HEADER = YES;
				CLANG_WARN_RANGE_LOOP_ANALYSIS = YES;
				CLANG_WARN_STRICT_PROTOTYPES = YES;
				CLANG_WARN_SUSPICIOUS_MOVE = YES;
				CLANG_WARN_UNGUARDED_AVAILABILITY = YES_AGGRESSIVE;
				CLANG_WARN_UNREACHABLE_CODE = YES;
				CLANG_WARN__DUPLICATE_METHOD_MATCH = YES;
				COPY_PHASE_STRIP = NO;
				DEBUG_INFORMATION_FORMAT = "dwarf-with-dsym";
				ENABLE_NS_ASSERTIONS = NO;
				ENABLE_STRICT_OBJC_MSGSEND = YES;
				GCC_C_LANGUAGE_STANDARD = gnu11;
				GCC_NO_COMMON_BLOCKS = YES;
				GCC_WARN_64_TO_32_BIT_CONVERSION = YES;
				GCC_WARN_ABOUT_RETURN_TYPE = YES_ERROR;
				GCC_WARN_UNDECLARED_SELECTOR = YES;
				GCC_WARN_UNINITIALIZED_AUTOS = YES_AGGRESSIVE;
				GCC_WARN_UNUSED_FUNCTION = YES;
				GCC_WARN_UNUSED_VARIABLE = YES;
				IPHONEOS_DEPLOYMENT_TARGET = 16.1;
				MTL_ENABLE_DEBUG_INFO = NO;
				MTL_FAST_MATH = YES;
				SDKROOT = iphoneos;
				SWIFT_COMPILATION_MODE = wholemodule;
				SWIFT_OPTIMIZATION_LEVEL = "-O";
				VALIDATE_PRODUCT = YES;
			};
			name = Release;
		};
		4CD7A44F298F5B0100A59712 /* Debug */ = {
			isa = XCBuildConfiguration;
			buildSettings = {
				ASSETCATALOG_COMPILER_APPICON_NAME = AppIcon;
				ASSETCATALOG_COMPILER_GLOBAL_ACCENT_COLOR_NAME = AccentColor;
				CODE_SIGN_STYLE = Automatic;
				CURRENT_PROJECT_VERSION = 1;
				DEVELOPMENT_ASSET_PATHS = "\"NavigationSwiftUI/Preview Content\"";
				DEVELOPMENT_TEAM = TVFNN77A3S;
				ENABLE_PREVIEWS = YES;
				GENERATE_INFOPLIST_FILE = YES;
				INFOPLIST_KEY_UIApplicationSceneManifest_Generation = YES;
				INFOPLIST_KEY_UIApplicationSupportsIndirectInputEvents = YES;
				INFOPLIST_KEY_UILaunchScreen_Generation = YES;
				INFOPLIST_KEY_UISupportedInterfaceOrientations_iPad = "UIInterfaceOrientationPortrait UIInterfaceOrientationPortraitUpsideDown UIInterfaceOrientationLandscapeLeft UIInterfaceOrientationLandscapeRight";
				INFOPLIST_KEY_UISupportedInterfaceOrientations_iPhone = "UIInterfaceOrientationPortrait UIInterfaceOrientationLandscapeLeft UIInterfaceOrientationLandscapeRight";
				LD_RUNPATH_SEARCH_PATHS = (
					"$(inherited)",
					"@executable_path/Frameworks",
				);
				MARKETING_VERSION = 1.0;
				PRODUCT_BUNDLE_IDENTIFIER = com.angelo.pe.NavigationSwiftUI;
				PRODUCT_NAME = "$(TARGET_NAME)";
				SWIFT_EMIT_LOC_STRINGS = YES;
				SWIFT_VERSION = 5.0;
				TARGETED_DEVICE_FAMILY = "1,2";
			};
			name = Debug;
		};
		4CD7A450298F5B0100A59712 /* Release */ = {
			isa = XCBuildConfiguration;
			buildSettings = {
				ASSETCATALOG_COMPILER_APPICON_NAME = AppIcon;
				ASSETCATALOG_COMPILER_GLOBAL_ACCENT_COLOR_NAME = AccentColor;
				CODE_SIGN_STYLE = Automatic;
				CURRENT_PROJECT_VERSION = 1;
				DEVELOPMENT_ASSET_PATHS = "\"NavigationSwiftUI/Preview Content\"";
				DEVELOPMENT_TEAM = TVFNN77A3S;
				ENABLE_PREVIEWS = YES;
				GENERATE_INFOPLIST_FILE = YES;
				INFOPLIST_KEY_UIApplicationSceneManifest_Generation = YES;
				INFOPLIST_KEY_UIApplicationSupportsIndirectInputEvents = YES;
				INFOPLIST_KEY_UILaunchScreen_Generation = YES;
				INFOPLIST_KEY_UISupportedInterfaceOrientations_iPad = "UIInterfaceOrientationPortrait UIInterfaceOrientationPortraitUpsideDown UIInterfaceOrientationLandscapeLeft UIInterfaceOrientationLandscapeRight";
				INFOPLIST_KEY_UISupportedInterfaceOrientations_iPhone = "UIInterfaceOrientationPortrait UIInterfaceOrientationLandscapeLeft UIInterfaceOrientationLandscapeRight";
				LD_RUNPATH_SEARCH_PATHS = (
					"$(inherited)",
					"@executable_path/Frameworks",
				);
				MARKETING_VERSION = 1.0;
				PRODUCT_BUNDLE_IDENTIFIER = com.angelo.pe.NavigationSwiftUI;
				PRODUCT_NAME = "$(TARGET_NAME)";
				SWIFT_EMIT_LOC_STRINGS = YES;
				SWIFT_VERSION = 5.0;
				TARGETED_DEVICE_FAMILY = "1,2";
			};
			name = Release;
		};
		4CD7A452298F5B0100A59712 /* Debug */ = {
			isa = XCBuildConfiguration;
			buildSettings = {
				ALWAYS_EMBED_SWIFT_STANDARD_LIBRARIES = YES;
				BUNDLE_LOADER = "$(TEST_HOST)";
				CODE_SIGN_STYLE = Automatic;
				CURRENT_PROJECT_VERSION = 1;
				DEVELOPMENT_TEAM = TVFNN77A3S;
				GENERATE_INFOPLIST_FILE = YES;
				IPHONEOS_DEPLOYMENT_TARGET = 16.1;
				MARKETING_VERSION = 1.0;
				PRODUCT_BUNDLE_IDENTIFIER = com.angelo.pe.NavigationSwiftUITests;
				PRODUCT_NAME = "$(TARGET_NAME)";
				SWIFT_EMIT_LOC_STRINGS = NO;
				SWIFT_VERSION = 5.0;
				TARGETED_DEVICE_FAMILY = "1,2";
				TEST_HOST = "$(BUILT_PRODUCTS_DIR)/NavigationSwiftUI.app/$(BUNDLE_EXECUTABLE_FOLDER_PATH)/NavigationSwiftUI";
			};
			name = Debug;
		};
		4CD7A453298F5B0100A59712 /* Release */ = {
			isa = XCBuildConfiguration;
			buildSettings = {
				ALWAYS_EMBED_SWIFT_STANDARD_LIBRARIES = YES;
				BUNDLE_LOADER = "$(TEST_HOST)";
				CODE_SIGN_STYLE = Automatic;
				CURRENT_PROJECT_VERSION = 1;
				DEVELOPMENT_TEAM = TVFNN77A3S;
				GENERATE_INFOPLIST_FILE = YES;
				IPHONEOS_DEPLOYMENT_TARGET = 16.1;
				MARKETING_VERSION = 1.0;
				PRODUCT_BUNDLE_IDENTIFIER = com.angelo.pe.NavigationSwiftUITests;
				PRODUCT_NAME = "$(TARGET_NAME)";
				SWIFT_EMIT_LOC_STRINGS = NO;
				SWIFT_VERSION = 5.0;
				TARGETED_DEVICE_FAMILY = "1,2";
				TEST_HOST = "$(BUILT_PRODUCTS_DIR)/NavigationSwiftUI.app/$(BUNDLE_EXECUTABLE_FOLDER_PATH)/NavigationSwiftUI";
			};
			name = Release;
		};
		4CD7A455298F5B0100A59712 /* Debug */ = {
			isa = XCBuildConfiguration;
			buildSettings = {
				ALWAYS_EMBED_SWIFT_STANDARD_LIBRARIES = YES;
				CODE_SIGN_STYLE = Automatic;
				CURRENT_PROJECT_VERSION = 1;
				DEVELOPMENT_TEAM = TVFNN77A3S;
				GENERATE_INFOPLIST_FILE = YES;
				MARKETING_VERSION = 1.0;
				PRODUCT_BUNDLE_IDENTIFIER = com.angelo.pe.NavigationSwiftUIUITests;
				PRODUCT_NAME = "$(TARGET_NAME)";
				SWIFT_EMIT_LOC_STRINGS = NO;
				SWIFT_VERSION = 5.0;
				TARGETED_DEVICE_FAMILY = "1,2";
				TEST_TARGET_NAME = NavigationSwiftUI;
			};
			name = Debug;
		};
		4CD7A456298F5B0100A59712 /* Release */ = {
			isa = XCBuildConfiguration;
			buildSettings = {
				ALWAYS_EMBED_SWIFT_STANDARD_LIBRARIES = YES;
				CODE_SIGN_STYLE = Automatic;
				CURRENT_PROJECT_VERSION = 1;
				DEVELOPMENT_TEAM = TVFNN77A3S;
				GENERATE_INFOPLIST_FILE = YES;
				MARKETING_VERSION = 1.0;
				PRODUCT_BUNDLE_IDENTIFIER = com.angelo.pe.NavigationSwiftUIUITests;
				PRODUCT_NAME = "$(TARGET_NAME)";
				SWIFT_EMIT_LOC_STRINGS = NO;
				SWIFT_VERSION = 5.0;
				TARGETED_DEVICE_FAMILY = "1,2";
				TEST_TARGET_NAME = NavigationSwiftUI;
			};
			name = Release;
		};
/* End XCBuildConfiguration section */

/* Begin XCConfigurationList section */
		4CD7A425298F5AFF00A59712 /* Build configuration list for PBXProject "NavigationSwiftUI" */ = {
			isa = XCConfigurationList;
			buildConfigurations = (
				4CD7A44C298F5B0100A59712 /* Debug */,
				4CD7A44D298F5B0100A59712 /* Release */,
			);
			defaultConfigurationIsVisible = 0;
			defaultConfigurationName = Release;
		};
		4CD7A44E298F5B0100A59712 /* Build configuration list for PBXNativeTarget "NavigationSwiftUI" */ = {
			isa = XCConfigurationList;
			buildConfigurations = (
				4CD7A44F298F5B0100A59712 /* Debug */,
				4CD7A450298F5B0100A59712 /* Release */,
			);
			defaultConfigurationIsVisible = 0;
			defaultConfigurationName = Release;
		};
		4CD7A451298F5B0100A59712 /* Build configuration list for PBXNativeTarget "NavigationSwiftUITests" */ = {
			isa = XCConfigurationList;
			buildConfigurations = (
				4CD7A452298F5B0100A59712 /* Debug */,
				4CD7A453298F5B0100A59712 /* Release */,
			);
			defaultConfigurationIsVisible = 0;
			defaultConfigurationName = Release;
		};
		4CD7A454298F5B0100A59712 /* Build configuration list for PBXNativeTarget "NavigationSwiftUIUITests" */ = {
			isa = XCConfigurationList;
			buildConfigurations = (
				4CD7A455298F5B0100A59712 /* Debug */,
				4CD7A456298F5B0100A59712 /* Release */,
			);
			defaultConfigurationIsVisible = 0;
			defaultConfigurationName = Release;
		};
/* End XCConfigurationList section */
	};
	rootObject = 4CD7A422298F5AFF00A59712 /* Project object */;
}
